{
    "_readme": [
        "This file locks the dependencies of your project to a known state",
        "Read more about it at https://getcomposer.org/doc/01-basic-usage.md#composer-lock-the-lock-file",
        "This file is @generated automatically"
    ],
    "content-hash": "263c692722fa0ef7f42e051bc6f20e45",
    "packages": [
        {
            "name": "almasaeed2010/adminlte",
            "version": "v3.0.0-alpha.2",
            "source": {
                "type": "git",
                "url": "https://github.com/almasaeed2010/AdminLTE.git",
                "reference": "7bf4139bae8b23aabae2ae78ff82a003ceadf5a4"
            },
            "dist": {
                "type": "zip",
                "url": "https://api.github.com/repos/almasaeed2010/AdminLTE/zipball/7bf4139bae8b23aabae2ae78ff82a003ceadf5a4",
                "reference": "7bf4139bae8b23aabae2ae78ff82a003ceadf5a4",
                "shasum": ""
            },
            "type": "library",
            "notification-url": "https://packagist.org/downloads/",
            "license": [
                "MIT"
            ],
            "authors": [
                {
                    "name": "Abdullah Almsaeed",
                    "email": "support@adminlte.io"
                }
            ],
            "description": "AdminLTE - admin control panel and dashboard that's based on Bootstrap 3",
            "homepage": "http://adminlte.io/",
            "keywords": [
                "JS",
                "admin",
                "back-end",
                "css",
                "less",
                "responsive",
                "template",
                "theme",
                "web"
            ],
            "time": "2018-05-05T21:54:11+00:00"
        },
        {
            "name": "phalcon/breadcrumbs",
            "version": "dev-master",
            "source": {
                "type": "git",
                "url": "https://github.com/phalcon/breadcrumbs.git",
                "reference": "22179e2a1ad4aa580f98c433717f1c74a6f7d2c3"
            },
            "dist": {
                "type": "zip",
                "url": "https://api.github.com/repos/phalcon/breadcrumbs/zipball/22179e2a1ad4aa580f98c433717f1c74a6f7d2c3",
                "reference": "22179e2a1ad4aa580f98c433717f1c74a6f7d2c3",
                "shasum": ""
            },
            "require": {
                "ext-phalcon": ">=2.0 <4.0",
                "php": ">= 5.5 <8.0"
            },
            "require-dev": {
                "codeception/codeception": "^2.3",
                "codeception/specify": "^0.4",
                "codeception/verify": "^0.3",
                "myclabs/deep-copy": "1.6.*",
                "phpdocumentor/reflection-docblock": "^2.0",
                "phpunit/phpunit": "^4.8",
                "squizlabs/php_codesniffer": "^2.8"
            },
            "type": "library",
            "autoload": {
                "psr-4": {
                    "Phalcon\\": "src/"
                }
            },
            "notification-url": "https://packagist.org/downloads/",
            "license": [
                "BSD-3-Clause"
            ],
            "authors": [
                {
                    "name": "Phalcon Team",
                    "email": "team@phalconphp.com",
                    "homepage": "https://phalconphp.com/en/team"
                },
                {
                    "name": "Contributors",
                    "homepage": "https://github.com/phalcon/breadcrumbs/graphs/contributors"
                }
            ],
            "description": "Powerful and flexible component for building site breadcrumbs in Phalcon 2+.",
            "homepage": "https://github.com/phalcon/breadcrumbs",
            "keywords": [
                "breadcrumbs",
                "crumbs",
                "phalcon"
            ],
            "time": "2018-05-24T11:02:46+00:00"
        },
        {
            "name": "phalcon/incubator",
            "version": "dev-master",
            "source": {
                "type": "git",
                "url": "https://github.com/phalcon/incubator.git",
                "reference": "2ab139c977577dbcb42e0f766cb7631966abe278"
            },
            "dist": {
                "type": "zip",
                "url": "https://api.github.com/repos/phalcon/incubator/zipball/2ab139c977577dbcb42e0f766cb7631966abe278",
                "reference": "2ab139c977577dbcb42e0f766cb7631966abe278",
                "shasum": ""
            },
            "require": {
                "ext-phalcon": "~3.3",
                "php": ">=5.5"
            },
            "require-dev": {
                "codeception/aerospike-module": "^1.0",
                "codeception/codeception": "2.3.6",
                "codeception/mockery-module": "0.2.2",
                "codeception/specify": "^0.4",
                "codeception/verify": "^0.3",
                "doctrine/instantiator": "1.0.5",
                "phalcon/dd": "^1.1",
                "phpdocumentor/reflection-docblock": "2.0.4",
                "phpunit/phpunit": "^4.8",
                "squizlabs/php_codesniffer": "^2.9",
                "vlucas/phpdotenv": "^2.4"
            },
            "suggest": {
                "duncan3dc/fork-helper": "To use extended class to access the beanstalk queue service",
                "ext-aerospike": "*",
                "phalcon/ide-stubs": "Phalcon IDE Stubs",
                "sergeyklay/aerospike-php-stubs": "The most complete Aerospike PHP stubs which allows autocomplete in modern IDEs",
                "swiftmailer/swiftmailer": "~5.2",
                "twig/twig": "~1.35|~2.0"
            },
            "type": "library",
            "autoload": {
                "psr-4": {
                    "Phalcon\\": "Library/Phalcon/"
                }
            },
            "notification-url": "https://packagist.org/downloads/",
            "license": [
                "BSD-3-Clause"
            ],
            "authors": [
                {
                    "name": "Phalcon Team",
                    "email": "team@phalconphp.com",
                    "homepage": "https://phalconphp.com/en/team"
                },
                {
                    "name": "Contributors",
                    "homepage": "https://github.com/phalcon/incubator/graphs/contributors"
                }
            ],
            "description": "Adapters, prototypes or functionality that can be potentially incorporated to the C-framework.",
            "homepage": "https://phalconphp.com",
            "keywords": [
                "framework",
                "incubator",
                "phalcon"
            ],
            "time": "2018-11-19T09:30:11+00:00"
        },
        {
            "name": "qrotux/phalcon-datatables",
            "version": "dev-master",
            "source": {
                "type": "git",
                "url": "https://github.com/qrotux/phalcon-datatables.git",
                "reference": "69aeca115458ad07b8007c8b261d65a0c5023f02"
            },
            "dist": {
                "type": "zip",
                "url": "https://api.github.com/repos/qrotux/phalcon-datatables/zipball/69aeca115458ad07b8007c8b261d65a0c5023f02",
                "reference": "69aeca115458ad07b8007c8b261d65a0c5023f02",
                "shasum": ""
            },
            "require-dev": {
                "fzaninotto/faker": "1.5.*@dev",
                "kahlan/kahlan": "^3.0",
                "phalcon/ide-stubs": "*"
            },
            "type": "library",
            "extra": {
                "branch-alias": {
                    "dev_master": "1.0-dev"
                }
            },
            "autoload": {
                "psr-4": {
                    "DataTables\\": "src/"
                }
            },
            "notification-url": "https://packagist.org/downloads/",
            "license": [
                "MIT"
            ],
            "authors": [
                {
                    "name": "Pavel Makarenko",
                    "email": "cryfall@gmail.com"
                },
                {
                    "name": "Stefan Chiriac",
                    "email": "stefan@magnxpyr.com"
                },
                {
                    "name": "Smolyaninov Ilya",
                    "email": "qrotux@gmail.com"
                }
            ],
            "description": "DataTables adapter for Phalcon Framework",
            "keywords": [
                "datatables",
                "phalcon",
                "plugin"
            ],
            "time": "2018-10-19T04:16:09+00:00"
        }
    ],
    "packages-dev": [],
    "aliases": [],
    "minimum-stability": "dev",
    "stability-flags": {
        "phalcon/breadcrumbs": 20,
        "qrotux/phalcon-datatables": 20,
        "phalcon/incubator": 20
    },
    "prefer-stable": false,
    "prefer-lowest": false,
    "platform": [],
    "platform-dev": []
}
